
Microsoft Visual Studio Solution File, Format Version 12.00
# Visual Studio Version 17
VisualStudioVersion = 17.4.33403.182
MinimumVisualStudioVersion = 10.0.40219.1
Project("{888888A0-9F3D-457C-B088-3A5042F75D52}") = "Lawtabase_law_webscraper", "Lawtabase_law_webscraper\Lawtabase_law_webscraper.pyproj", "{08B37C09-2144-4367-B659-042CD6876A9C}"
EndProject
Global
	GlobalSection(SolutionConfigurationPlatforms) = preSolution
		Debug|Any CPU = Debug|Any CPU
		Release|Any CPU = Release|Any CPU
	EndGlobalSection
	GlobalSection(ProjectConfigurationPlatforms) = postSolution
		{08B37C09-2144-4367-B659-042CD6876A9C}.Debug|Any CPU.ActiveCfg = Debug|Any CPU
		{08B37C09-2144-4367-B659-042CD6876A9C}.Release|Any CPU.ActiveCfg = Release|Any CPU
	EndGlobalSection
	GlobalSection(SolutionProperties) = preSolution
		HideSolutionNode = FALSE
	EndGlobalSection
	GlobalSection(ExtensibilityGlobals) = postSolution
		SolutionGuid = {AB0C6835-2171-41F5-A9EF-F69041BD4835}
	EndGlobalSection
EndGlobal
